PODS:
  - Flutter (1.0.0)
  - flutter_quic (0.0.1):
    - Flutter
  - flutter_secure_storage_darwin (10.0.0):
    - Flutter
    - FlutterMacOS
  - mobile_scanner (7.0.0):
    - Flutter
    - FlutterMacOS
  - network_info_plus (0.0.1):
    - Flutter
  - sqflite_darwin (0.0.4):
    - Flutter
    - FlutterMacOS

DEPENDENCIES:
  - Flutter (from `Flutter`)
  - flutter_quic (from `.symlinks/plugins/flutter_quic/ios`)
  - flutter_secure_storage_darwin (from `.symlinks/plugins/flutter_secure_storage_darwin/darwin`)
  - mobile_scanner (from `.symlinks/plugins/mobile_scanner/darwin`)
  - network_info_plus (from `.symlinks/plugins/network_info_plus/ios`)
  - sqflite_darwin (from `.symlinks/plugins/sqflite_darwin/darwin`)

EXTERNAL SOURCES:
  Flutter:
    :path: Flutter
  flutter_quic:
    :path: ".symlinks/plugins/flutter_quic/ios"
  flutter_secure_storage_darwin:
    :path: ".symlinks/plugins/flutter_secure_storage_darwin/darwin"
  mobile_scanner:
    :path: ".symlinks/plugins/mobile_scanner/darwin"
  network_info_plus:
    :path: ".symlinks/plugins/network_info_plus/ios"
  sqflite_darwin:
    :path: ".symlinks/plugins/sqflite_darwin/darwin"

SPEC CHECKSUMS:
  Flutter: cabc95a1d2626b1b06e7179b784ebcf0c0cde467
  flutter_quic: 8297b572bffecea852e967739225ff8a2807009e
  flutter_secure_storage_darwin: acdb3f316ed05a3e68f856e0353b133eec373a23
  mobile_scanner: 9157936403f5a0644ca3779a38ff8404c5434a93
  network_info_plus: 16d8832ab43b7bc22b168d76fffcad9da35486d2
  sqflite_darwin: 20b2a3a3b70e43edae938624ce550a3cbf66a3d0

PODFILE CHECKSUM: 49028c2bd92561d644518df242260e3d57be37cc

COCOAPODS: 1.16.2
